
Microsoft Visual Studio Solution File, Format Version 12.00
# Visual Studio 15
VisualStudioVersion = 15.0.26730.16
MinimumVisualStudioVersion = 10.0.40219.1
Project("{FAE04EC0-301F-11D3-BF4B-00C04F79EFBC}") = "DataStructuresLibrary", "DataStructuresLibrary\DataStructuresLibrary.csproj", "{7D6CB376-79CD-4DCE-A428-449F63A96B10}"
EndProject
Project("{FAE04EC0-301F-11D3-BF4B-00C04F79EFBC}") = "DataStructuresExamples", "DataStructuresExamples\DataStructuresExamples.csproj", "{7D48755E-AE2C-4AD3-9DC3-05060058087B}"
EndProject
Global
	GlobalSection(SolutionConfigurationPlatforms) = preSolution
		Debug|Any CPU = Debug|Any CPU
		Release|Any CPU = Release|Any CPU
	EndGlobalSection
	GlobalSection(ProjectConfigurationPlatforms) = postSolution
		{7D6CB376-79CD-4DCE-A428-449F63A96B10}.Debug|Any CPU.ActiveCfg = Debug|Any CPU
		{7D6CB376-79CD-4DCE-A428-449F63A96B10}.Debug|Any CPU.Build.0 = Debug|Any CPU
		{7D6CB376-79CD-4DCE-A428-449F63A96B10}.Release|Any CPU.ActiveCfg = Release|Any CPU
		{7D6CB376-79CD-4DCE-A428-449F63A96B10}.Release|Any CPU.Build.0 = Release|Any CPU
		{7D48755E-AE2C-4AD3-9DC3-05060058087B}.Debug|Any CPU.ActiveCfg = Debug|Any CPU
		{7D48755E-AE2C-4AD3-9DC3-05060058087B}.Debug|Any CPU.Build.0 = Debug|Any CPU
		{7D48755E-AE2C-4AD3-9DC3-05060058087B}.Release|Any CPU.ActiveCfg = Release|Any CPU
		{7D48755E-AE2C-4AD3-9DC3-05060058087B}.Release|Any CPU.Build.0 = Release|Any CPU
	EndGlobalSection
	GlobalSection(SolutionProperties) = preSolution
		HideSolutionNode = FALSE
	EndGlobalSection
	GlobalSection(ExtensibilityGlobals) = postSolution
		SolutionGuid = {BF7580C0-9C4F-4E66-AB76-78062DE55120}
	EndGlobalSection
EndGlobal
